
Microsoft Visual Studio Solution File, Format Version 12.00
# Visual Studio Version 17
VisualStudioVersion = 17.14.36414.22 d17.14
MinimumVisualStudioVersion = 10.0.40219.1
Project("{FAE04EC0-301F-11D3-BF4B-00C04F79EFBC}") = "WorksetOrganizer", "WorksetOrganizer\WorksetOrganizer.csproj", "{1D53355F-5C55-4258-A8EC-314CAE331433}"
EndProject
Global
	GlobalSection(SolutionConfigurationPlatforms) = preSolution
		Debug|Any CPU = Debug|Any CPU
		Release|Any CPU = Release|Any CPU
	EndGlobalSection
	GlobalSection(ProjectConfigurationPlatforms) = postSolution
		{1D53355F-5C55-4258-A8EC-314CAE331433}.Debug|Any CPU.ActiveCfg = Debug|Any CPU
		{1D53355F-5C55-4258-A8EC-314CAE331433}.Debug|Any CPU.Build.0 = Debug|Any CPU
		{1D53355F-5C55-4258-A8EC-314CAE331433}.Release|Any CPU.ActiveCfg = Release|Any CPU
		{1D53355F-5C55-4258-A8EC-314CAE331433}.Release|Any CPU.Build.0 = Release|Any CPU
	EndGlobalSection
	GlobalSection(SolutionProperties) = preSolution
		HideSolutionNode = FALSE
	EndGlobalSection
	GlobalSection(ExtensibilityGlobals) = postSolution
		SolutionGuid = {DE5B1E88-1378-41AA-ADA0-99E82765DEEB}
	EndGlobalSection
EndGlobal
